// !$*UTF8*$!
{
	archiveVersion = 1;
	classes = {
	};
	objectVersion = 50;
	objects = {

/* Begin PBXBuildFile section */
		A26DC03F26CD49CF005B396B /* MyToDosApp.swift in Sources */ = {isa = PBXBuildFile; fileRef = A26DC03E26CD49CF005B396B /* MyToDosApp.swift */; };
		A26DC04126CD49CF005B396B /* ContentView.swift in Sources */ = {isa = PBXBuildFile; fileRef = A26DC04026CD49CF005B396B /* ContentView.swift */; };
		A26DC04326CD49D2005B396B /* Assets.xcassets in Resources */ = {isa = PBXBuildFile; fileRef = A26DC04226CD49D2005B396B /* Assets.xcassets */; };
		A26DC04626CD49D2005B396B /* Preview Assets.xcassets in Resources */ = {isa = PBXBuildFile; fileRef = A26DC04526CD49D2005B396B /* Preview Assets.xcassets */; };
		A26DC04E26CD4A3C005B396B /* ToDo.swift in Sources */ = {isa = PBXBuildFile; fileRef = A26DC04D26CD4A3C005B396B /* ToDo.swift */; };
		A26DC05026CD4B54005B396B /* DataStore.swift in Sources */ = {isa = PBXBuildFile; fileRef = A26DC04F26CD4B54005B396B /* DataStore.swift */; };
		A26DC05226CD5A99005B396B /* ToDoFormViewModel.swift in Sources */ = {isa = PBXBuildFile; fileRef = A26DC05126CD5A99005B396B /* ToDoFormViewModel.swift */; };
		A26DC05426CD615E005B396B /* ToDoFormView.swift in Sources */ = {isa = PBXBuildFile; fileRef = A26DC05326CD615E005B396B /* ToDoFormView.swift */; };
		A26DC05626CE5294005B396B /* ModelType.swift in Sources */ = {isa = PBXBuildFile; fileRef = A26DC05526CE5294005B396B /* ModelType.swift */; };
		A26DC05C26CEDB2C005B396B /* FileManager+Extension.swift in Sources */ = {isa = PBXBuildFile; fileRef = A26DC05B26CEDB2C005B396B /* FileManager+Extension.swift */; };
		A26DC05E26CEEBE1005B396B /* ToDoError.swift in Sources */ = {isa = PBXBuildFile; fileRef = A26DC05D26CEEBE1005B396B /* ToDoError.swift */; };
/* End PBXBuildFile section */

/* Begin PBXFileReference section */
		A26DC03B26CD49CF005B396B /* MyToDos.app */ = {isa = PBXFileReference; explicitFileType = wrapper.application; includeInIndex = 0; path = MyToDos.app; sourceTree = BUILT_PRODUCTS_DIR; };
		A26DC03E26CD49CF005B396B /* MyToDosApp.swift */ = {isa = PBXFileReference; lastKnownFileType = sourcecode.swift; path = MyToDosApp.swift; sourceTree = "<group>"; };
		A26DC04026CD49CF005B396B /* ContentView.swift */ = {isa = PBXFileReference; lastKnownFileType = sourcecode.swift; path = ContentView.swift; sourceTree = "<group>"; };
		A26DC04226CD49D2005B396B /* Assets.xcassets */ = {isa = PBXFileReference; lastKnownFileType = folder.assetcatalog; path = Assets.xcassets; sourceTree = "<group>"; };
		A26DC04526CD49D2005B396B /* Preview Assets.xcassets */ = {isa = PBXFileReference; lastKnownFileType = folder.assetcatalog; path = "Preview Assets.xcassets"; sourceTree = "<group>"; };
		A26DC04726CD49D2005B396B /* Info.plist */ = {isa = PBXFileReference; lastKnownFileType = text.plist.xml; path = Info.plist; sourceTree = "<group>"; };
		A26DC04D26CD4A3C005B396B /* ToDo.swift */ = {isa = PBXFileReference; lastKnownFileType = sourcecode.swift; path = ToDo.swift; sourceTree = "<group>"; };
		A26DC04F26CD4B54005B396B /* DataStore.swift */ = {isa = PBXFileReference; lastKnownFileType = sourcecode.swift; path = DataStore.swift; sourceTree = "<group>"; };
		A26DC05126CD5A99005B396B /* ToDoFormViewModel.swift */ = {isa = PBXFileReference; lastKnownFileType = sourcecode.swift; path = ToDoFormViewModel.swift; sourceTree = "<group>"; };
		A26DC05326CD615E005B396B /* ToDoFormView.swift */ = {isa = PBXFileReference; lastKnownFileType = sourcecode.swift; path = ToDoFormView.swift; sourceTree = "<group>"; };
		A26DC05526CE5294005B396B /* ModelType.swift */ = {isa = PBXFileReference; lastKnownFileType = sourcecode.swift; path = ModelType.swift; sourceTree = "<group>"; };
		A26DC05B26CEDB2C005B396B /* FileManager+Extension.swift */ = {isa = PBXFileReference; lastKnownFileType = sourcecode.swift; path = "FileManager+Extension.swift"; sourceTree = "<group>"; };
		A26DC05D26CEEBE1005B396B /* ToDoError.swift */ = {isa = PBXFileReference; lastKnownFileType = sourcecode.swift; path = ToDoError.swift; sourceTree = "<group>"; };
/* End PBXFileReference section */

/* Begin PBXFrameworksBuildPhase section */
		A26DC03826CD49CF005B396B /* Frameworks */ = {
			isa = PBXFrameworksBuildPhase;
			buildActionMask = 2147483647;
			files = (
			);
			runOnlyForDeploymentPostprocessing = 0;
		};
/* End PBXFrameworksBuildPhase section */

/* Begin PBXGroup section */
		A26DC03226CD49CF005B396B = {
			isa = PBXGroup;
			children = (
				A26DC03D26CD49CF005B396B /* MyToDos */,
				A26DC03C26CD49CF005B396B /* Products */,
			);
			sourceTree = "<group>";
		};
		A26DC03C26CD49CF005B396B /* Products */ = {
			isa = PBXGroup;
			children = (
				A26DC03B26CD49CF005B396B /* MyToDos.app */,
			);
			name = Products;
			sourceTree = "<group>";
		};
		A26DC03D26CD49CF005B396B /* MyToDos */ = {
			isa = PBXGroup;
			children = (
				A26DC05A26CEDB13005B396B /* Extensions */,
				A26DC05926CE5FC6005B396B /* ViewModel */,
				A26DC05826CE5F65005B396B /* Model */,
				A26DC05726CE5F42005B396B /* View */,
				A26DC03E26CD49CF005B396B /* MyToDosApp.swift */,
				A26DC04226CD49D2005B396B /* Assets.xcassets */,
				A26DC04726CD49D2005B396B /* Info.plist */,
				A26DC04426CD49D2005B396B /* Preview Content */,
			);
			path = MyToDos;
			sourceTree = "<group>";
		};
		A26DC04426CD49D2005B396B /* Preview Content */ = {
			isa = PBXGroup;
			children = (
				A26DC04526CD49D2005B396B /* Preview Assets.xcassets */,
			);
			path = "Preview Content";
			sourceTree = "<group>";
		};
		A26DC05726CE5F42005B396B /* View */ = {
			isa = PBXGroup;
			children = (
				A26DC04026CD49CF005B396B /* ContentView.swift */,
				A26DC05326CD615E005B396B /* ToDoFormView.swift */,
			);
			path = View;
			sourceTree = "<group>";
		};
		A26DC05826CE5F65005B396B /* Model */ = {
			isa = PBXGroup;
			children = (
				A26DC04D26CD4A3C005B396B /* ToDo.swift */,
				A26DC05526CE5294005B396B /* ModelType.swift */,
				A26DC05D26CEEBE1005B396B /* ToDoError.swift */,
			);
			path = Model;
			sourceTree = "<group>";
		};
		A26DC05926CE5FC6005B396B /* ViewModel */ = {
			isa = PBXGroup;
			children = (
				A26DC05126CD5A99005B396B /* ToDoFormViewModel.swift */,
				A26DC04F26CD4B54005B396B /* DataStore.swift */,
			);
			path = ViewModel;
			sourceTree = "<group>";
		};
		A26DC05A26CEDB13005B396B /* Extensions */ = {
			isa = PBXGroup;
			children = (
				A26DC05B26CEDB2C005B396B /* FileManager+Extension.swift */,
			);
			path = Extensions;
			sourceTree = "<group>";
		};
/* End PBXGroup section */

/* Begin PBXNativeTarget section */
		A26DC03A26CD49CF005B396B /* MyToDos */ = {
			isa = PBXNativeTarget;
			buildConfigurationList = A26DC04A26CD49D2005B396B /* Build configuration list for PBXNativeTarget "MyToDos" */;
			buildPhases = (
				A26DC03726CD49CF005B396B /* Sources */,
				A26DC03826CD49CF005B396B /* Frameworks */,
				A26DC03926CD49CF005B396B /* Resources */,
			);
			buildRules = (
			);
			dependencies = (
			);
			name = MyToDos;
			productName = MyToDos;
			productReference = A26DC03B26CD49CF005B396B /* MyToDos.app */;
			productType = "com.apple.product-type.application";
		};
/* End PBXNativeTarget section */

/* Begin PBXProject section */
		A26DC03326CD49CF005B396B /* Project object */ = {
			isa = PBXProject;
			attributes = {
				LastSwiftUpdateCheck = 1250;
				LastUpgradeCheck = 1250;
				TargetAttributes = {
					A26DC03A26CD49CF005B396B = {
						CreatedOnToolsVersion = 12.5.1;
					};
				};
			};
			buildConfigurationList = A26DC03626CD49CF005B396B /* Build configuration list for PBXProject "MyToDos" */;
			compatibilityVersion = "Xcode 9.3";
			developmentRegion = en;
			hasScannedForEncodings = 0;
			knownRegions = (
				en,
				Base,
			);
			mainGroup = A26DC03226CD49CF005B396B;
			productRefGroup = A26DC03C26CD49CF005B396B /* Products */;
			projectDirPath = "";
			projectRoot = "";
			targets = (
				A26DC03A26CD49CF005B396B /* MyToDos */,
			);
		};
/* End PBXProject section */

/* Begin PBXResourcesBuildPhase section */
		A26DC03926CD49CF005B396B /* Resources */ = {
			isa = PBXResourcesBuildPhase;
			buildActionMask = 2147483647;
			files = (
				A26DC04626CD49D2005B396B /* Preview Assets.xcassets in Resources */,
				A26DC04326CD49D2005B396B /* Assets.xcassets in Resources */,
			);
			runOnlyForDeploymentPostprocessing = 0;
		};
/* End PBXResourcesBuildPhase section */

/* Begin PBXSourcesBuildPhase section */
		A26DC03726CD49CF005B396B /* Sources */ = {
			isa = PBXSourcesBuildPhase;
			buildActionMask = 2147483647;
			files = (
				A26DC05426CD615E005B396B /* ToDoFormView.swift in Sources */,
				A26DC05C26CEDB2C005B396B /* FileManager+Extension.swift in Sources */,
				A26DC04E26CD4A3C005B396B /* ToDo.swift in Sources */,
				A26DC05026CD4B54005B396B /* DataStore.swift in Sources */,
				A26DC04126CD49CF005B396B /* ContentView.swift in Sources */,
				A26DC05626CE5294005B396B /* ModelType.swift in Sources */,
				A26DC05E26CEEBE1005B396B /* ToDoError.swift in Sources */,
				A26DC03F26CD49CF005B396B /* MyToDosApp.swift in Sources */,
				A26DC05226CD5A99005B396B /* ToDoFormViewModel.swift in Sources */,
			);
			runOnlyForDeploymentPostprocessing = 0;
		};
/* End PBXSourcesBuildPhase section */

/* Begin XCBuildConfiguration section */
		A26DC04826CD49D2005B396B /* Debug */ = {
			isa = XCBuildConfiguration;
			buildSettings = {
				ALWAYS_SEARCH_USER_PATHS = NO;
				CLANG_ANALYZER_NONNULL = YES;
				CLANG_ANALYZER_NUMBER_OBJECT_CONVERSION = YES_AGGRESSIVE;
				CLANG_CXX_LANGUAGE_STANDARD = "gnu++14";
				CLANG_CXX_LIBRARY = "libc++";
				CLANG_ENABLE_MODULES = YES;
				CLANG_ENABLE_OBJC_ARC = YES;
				CLANG_ENABLE_OBJC_WEAK = YES;
				CLANG_WARN_BLOCK_CAPTURE_AUTORELEASING = YES;
				CLANG_WARN_BOOL_CONVERSION = YES;
				CLANG_WARN_COMMA = YES;
				CLANG_WARN_CONSTANT_CONVERSION = YES;
				CLANG_WARN_DEPRECATED_OBJC_IMPLEMENTATIONS = YES;
				CLANG_WARN_DIRECT_OBJC_ISA_USAGE = YES_ERROR;
				CLANG_WARN_DOCUMENTATION_COMMENTS = YES;
				CLANG_WARN_EMPTY_BODY = YES;
				CLANG_WARN_ENUM_CONVERSION = YES;
				CLANG_WARN_INFINITE_RECURSION = YES;
				CLANG_WARN_INT_CONVERSION = YES;
				CLANG_WARN_NON_LITERAL_NULL_CONVERSION = YES;
				CLANG_WARN_OBJC_IMPLICIT_RETAIN_SELF = YES;
				CLANG_WARN_OBJC_LITERAL_CONVERSION = YES;
				CLANG_WARN_OBJC_ROOT_CLASS = YES_ERROR;
				CLANG_WARN_QUOTED_INCLUDE_IN_FRAMEWORK_HEADER = YES;
				CLANG_WARN_RANGE_LOOP_ANALYSIS = YES;
				CLANG_WARN_STRICT_PROTOTYPES = YES;
				CLANG_WARN_SUSPICIOUS_MOVE = YES;
				CLANG_WARN_UNGUARDED_AVAILABILITY = YES_AGGRESSIVE;
				CLANG_WARN_UNREACHABLE_CODE = YES;
				CLANG_WARN__DUPLICATE_METHOD_MATCH = YES;
				COPY_PHASE_STRIP = NO;
				DEBUG_INFORMATION_FORMAT = dwarf;
				ENABLE_STRICT_OBJC_MSGSEND = YES;
				ENABLE_TESTABILITY = YES;
				GCC_C_LANGUAGE_STANDARD = gnu11;
				GCC_DYNAMIC_NO_PIC = NO;
				GCC_NO_COMMON_BLOCKS = YES;
				GCC_OPTIMIZATION_LEVEL = 0;
				GCC_PREPROCESSOR_DEFINITIONS = (
					"DEBUG=1",
					"$(inherited)",
				);
				GCC_WARN_64_TO_32_BIT_CONVERSION = YES;
				GCC_WARN_ABOUT_RETURN_TYPE = YES_ERROR;
				GCC_WARN_UNDECLARED_SELECTOR = YES;
				GCC_WARN_UNINITIALIZED_AUTOS = YES_AGGRESSIVE;
				GCC_WARN_UNUSED_FUNCTION = YES;
				GCC_WARN_UNUSED_VARIABLE = YES;
				IPHONEOS_DEPLOYMENT_TARGET = 14.5;
				MTL_ENABLE_DEBUG_INFO = INCLUDE_SOURCE;
				MTL_FAST_MATH = YES;
				ONLY_ACTIVE_ARCH = YES;
				SDKROOT = iphoneos;
				SWIFT_ACTIVE_COMPILATION_CONDITIONS = DEBUG;
				SWIFT_OPTIMIZATION_LEVEL = "-Onone";
			};
			name = Debug;
		};
		A26DC04926CD49D2005B396B /* Release */ = {
			isa = XCBuildConfiguration;
			buildSettings = {
				ALWAYS_SEARCH_USER_PATHS = NO;
				CLANG_ANALYZER_NONNULL = YES;
				CLANG_ANALYZER_NUMBER_OBJECT_CONVERSION = YES_AGGRESSIVE;
				CLANG_CXX_LANGUAGE_STANDARD = "gnu++14";
				CLANG_CXX_LIBRARY = "libc++";
				CLANG_ENABLE_MODULES = YES;
				CLANG_ENABLE_OBJC_ARC = YES;
				CLANG_ENABLE_OBJC_WEAK = YES;
				CLANG_WARN_BLOCK_CAPTURE_AUTORELEASING = YES;
				CLANG_WARN_BOOL_CONVERSION = YES;
				CLANG_WARN_COMMA = YES;
				CLANG_WARN_CONSTANT_CONVERSION = YES;
				CLANG_WARN_DEPRECATED_OBJC_IMPLEMENTATIONS = YES;
				CLANG_WARN_DIRECT_OBJC_ISA_USAGE = YES_ERROR;
				CLANG_WARN_DOCUMENTATION_COMMENTS = YES;
				CLANG_WARN_EMPTY_BODY = YES;
				CLANG_WARN_ENUM_CONVERSION = YES;
				CLANG_WARN_INFINITE_RECURSION = YES;
				CLANG_WARN_INT_CONVERSION = YES;
				CLANG_WARN_NON_LITERAL_NULL_CONVERSION = YES;
				CLANG_WARN_OBJC_IMPLICIT_RETAIN_SELF = YES;
				CLANG_WARN_OBJC_LITERAL_CONVERSION = YES;
				CLANG_WARN_OBJC_ROOT_CLASS = YES_ERROR;
				CLANG_WARN_QUOTED_INCLUDE_IN_FRAMEWORK_HEADER = YES;
				CLANG_WARN_RANGE_LOOP_ANALYSIS = YES;
				CLANG_WARN_STRICT_PROTOTYPES = YES;
				CLANG_WARN_SUSPICIOUS_MOVE = YES;
				CLANG_WARN_UNGUARDED_AVAILABILITY = YES_AGGRESSIVE;
				CLANG_WARN_UNREACHABLE_CODE = YES;
				CLANG_WARN__DUPLICATE_METHOD_MATCH = YES;
				COPY_PHASE_STRIP = NO;
				DEBUG_INFORMATION_FORMAT = "dwarf-with-dsym";
				ENABLE_NS_ASSERTIONS = NO;
				ENABLE_STRICT_OBJC_MSGSEND = YES;
				GCC_C_LANGUAGE_STANDARD = gnu11;
				GCC_NO_COMMON_BLOCKS = YES;
				GCC_WARN_64_TO_32_BIT_CONVERSION = YES;
				GCC_WARN_ABOUT_RETURN_TYPE = YES_ERROR;
				GCC_WARN_UNDECLARED_SELECTOR = YES;
				GCC_WARN_UNINITIALIZED_AUTOS = YES_AGGRESSIVE;
				GCC_WARN_UNUSED_FUNCTION = YES;
				GCC_WARN_UNUSED_VARIABLE = YES;
				IPHONEOS_DEPLOYMENT_TARGET = 14.5;
				MTL_ENABLE_DEBUG_INFO = NO;
				MTL_FAST_MATH = YES;
				SDKROOT = iphoneos;
				SWIFT_COMPILATION_MODE = wholemodule;
				SWIFT_OPTIMIZATION_LEVEL = "-O";
				VALIDATE_PRODUCT = YES;
			};
			name = Release;
		};
		A26DC04B26CD49D2005B396B /* Debug */ = {
			isa = XCBuildConfiguration;
			buildSettings = {
				ASSETCATALOG_COMPILER_APPICON_NAME = AppIcon;
				ASSETCATALOG_COMPILER_GLOBAL_ACCENT_COLOR_NAME = AccentColor;
				CODE_SIGN_STYLE = Automatic;
				DEVELOPMENT_ASSET_PATHS = "\"MyToDos/Preview Content\"";
				DEVELOPMENT_TEAM = R79Q72Y84N;
				ENABLE_PREVIEWS = YES;
				INFOPLIST_FILE = MyToDos/Info.plist;
				IPHONEOS_DEPLOYMENT_TARGET = 14.0;
				LD_RUNPATH_SEARCH_PATHS = (
					"$(inherited)",
					"@executable_path/Frameworks",
				);
				PRODUCT_BUNDLE_IDENTIFIER = com.multi.MyToDos;
				PRODUCT_NAME = "$(TARGET_NAME)";
				SWIFT_VERSION = 5.0;
				TARGETED_DEVICE_FAMILY = "1,2";
			};
			name = Debug;
		};
		A26DC04C26CD49D2005B396B /* Release */ = {
			isa = XCBuildConfiguration;
			buildSettings = {
				ASSETCATALOG_COMPILER_APPICON_NAME = AppIcon;
				ASSETCATALOG_COMPILER_GLOBAL_ACCENT_COLOR_NAME = AccentColor;
				CODE_SIGN_STYLE = Automatic;
				DEVELOPMENT_ASSET_PATHS = "\"MyToDos/Preview Content\"";
				DEVELOPMENT_TEAM = R79Q72Y84N;
				ENABLE_PREVIEWS = YES;
				INFOPLIST_FILE = MyToDos/Info.plist;
				IPHONEOS_DEPLOYMENT_TARGET = 14.0;
				LD_RUNPATH_SEARCH_PATHS = (
					"$(inherited)",
					"@executable_path/Frameworks",
				);
				PRODUCT_BUNDLE_IDENTIFIER = com.multi.MyToDos;
				PRODUCT_NAME = "$(TARGET_NAME)";
				SWIFT_VERSION = 5.0;
				TARGETED_DEVICE_FAMILY = "1,2";
			};
			name = Release;
		};
/* End XCBuildConfiguration section */

/* Begin XCConfigurationList section */
		A26DC03626CD49CF005B396B /* Build configuration list for PBXProject "MyToDos" */ = {
			isa = XCConfigurationList;
			buildConfigurations = (
				A26DC04826CD49D2005B396B /* Debug */,
				A26DC04926CD49D2005B396B /* Release */,
			);
			defaultConfigurationIsVisible = 0;
			defaultConfigurationName = Release;
		};
		A26DC04A26CD49D2005B396B /* Build configuration list for PBXNativeTarget "MyToDos" */ = {
			isa = XCConfigurationList;
			buildConfigurations = (
				A26DC04B26CD49D2005B396B /* Debug */,
				A26DC04C26CD49D2005B396B /* Release */,
			);
			defaultConfigurationIsVisible = 0;
			defaultConfigurationName = Release;
		};
/* End XCConfigurationList section */
	};
	rootObject = A26DC03326CD49CF005B396B /* Project object */;
}
